
Microsoft Visual Studio Solution File, Format Version 12.00
# Visual Studio Version 16
VisualStudioVersion = 16.0.30320.27
MinimumVisualStudioVersion = 10.0.40219.1
Project("{FAE04EC0-301F-11D3-BF4B-00C04F79EFBC}") = "secretMessage", "secretMessage\secretMessage.csproj", "{125E04F9-6A1A-4657-B93D-EAD4F2514C70}"
EndProject
Global
	GlobalSection(SolutionConfigurationPlatforms) = preSolution
		Debug|Any CPU = Debug|Any CPU
		Debug|x86 = Debug|x86
		Release|Any CPU = Release|Any CPU
		Release|x86 = Release|x86
	EndGlobalSection
	GlobalSection(ProjectConfigurationPlatforms) = postSolution
		{125E04F9-6A1A-4657-B93D-EAD4F2514C70}.Debug|Any CPU.ActiveCfg = Debug|Any CPU
		{125E04F9-6A1A-4657-B93D-EAD4F2514C70}.Debug|Any CPU.Build.0 = Debug|Any CPU
		{125E04F9-6A1A-4657-B93D-EAD4F2514C70}.Debug|x86.ActiveCfg = Debug|Any CPU
		{125E04F9-6A1A-4657-B93D-EAD4F2514C70}.Debug|x86.Build.0 = Debug|Any CPU
		{125E04F9-6A1A-4657-B93D-EAD4F2514C70}.Release|Any CPU.ActiveCfg = Release|Any CPU
		{125E04F9-6A1A-4657-B93D-EAD4F2514C70}.Release|Any CPU.Build.0 = Release|Any CPU
		{125E04F9-6A1A-4657-B93D-EAD4F2514C70}.Release|x86.ActiveCfg = Release|Any CPU
		{125E04F9-6A1A-4657-B93D-EAD4F2514C70}.Release|x86.Build.0 = Release|Any CPU
	EndGlobalSection
	GlobalSection(SolutionProperties) = preSolution
		HideSolutionNode = FALSE
	EndGlobalSection
	GlobalSection(ExtensibilityGlobals) = postSolution
		SolutionGuid = {E5915BC1-C886-4087-A7FC-B154CF4C6A6A}
	EndGlobalSection
EndGlobal
